{
  "name": "jfenn.me",
  "version": "1.0.0",
  "lockfileVersion": 1,
  "requires": true,
  "dependencies": {
    "@doubledotlabs/dot.css": {
      "version": "0.0.6",
      "resolved": "https://registry.npmjs.org/@doubledotlabs/dot.css/-/dot.css-0.0.6.tgz",
      "integrity": "sha512-uxaLL3Mz/rq9XkpXm8zGT+Dz3GjmwGVxHYTctlfrTwagRmKLGfUR/wZULNuJ9Rrun6FoiIdCWjWQri3pyiOw+g=="
    }
  }
}
