{
  "name": "jfenn.me",
  "version": "1.0.0",
  "lockfileVersion": 1,
  "requires": true,
  "dependencies": {
    "@doubledotlabs/dot.css": {
      "version": "0.0.2",
      "resolved": "https://registry.npmjs.org/@doubledotlabs/dot.css/-/dot.css-0.0.2.tgz",
      "integrity": "sha512-Bx3W5QLwt2mMjcRiF2FQqqAs7gkFJ5ltcwA94zBIJHyLE2ConfTXbYJ5YixkR17Bs6r7l7FM/50OytAK5qaT6A=="
    }
  }
}
