{
  "name": "jfenn.me",
  "version": "1.0.0",
  "lockfileVersion": 1,
  "requires": true,
  "dependencies": {
    "@doubledotlabs/dot.css": {
      "version": "0.0.3",
      "resolved": "https://registry.npmjs.org/@doubledotlabs/dot.css/-/dot.css-0.0.3.tgz",
      "integrity": "sha512-Kov4BItC6M9FWjZ3KdGHHqA4GwRAyy5Juj+LWrM+GkaiLn8YMly0dsvQoG7dVQBRu5PgaSaB/BkhBkOHbBN5qw=="
    }
  }
}
